// !$*UTF8*$!
{
	archiveVersion = 1;
	classes = {
	};
	objectVersion = 55;
	objects = {

/* Begin PBXBuildFile section */
		7287BBAC27F4AA9D005CD356 /* AppDelegate.swift in Sources */ = {isa = PBXBuildFile; fileRef = 7287BBAB27F4AA9D005CD356 /* AppDelegate.swift */; };
		7287BBAE27F4AA9E005CD356 /* SceneDelegate.swift in Sources */ = {isa = PBXBuildFile; fileRef = 7287BBAD27F4AA9D005CD356 /* SceneDelegate.swift */; };
		7287BBB327F4AA9E005CD356 /* Main.storyboard in Resources */ = {isa = PBXBuildFile; fileRef = 7287BBB127F4AA9E005CD356 /* Main.storyboard */; };
		7287BBB527F4AAA1005CD356 /* Assets.xcassets in Resources */ = {isa = PBXBuildFile; fileRef = 7287BBB427F4AAA1005CD356 /* Assets.xcassets */; };
		7287BBB827F4AAA1005CD356 /* LaunchScreen.storyboard in Resources */ = {isa = PBXBuildFile; fileRef = 7287BBB627F4AAA1005CD356 /* LaunchScreen.storyboard */; };
		7287BBC027F4C28F005CD356 /* LeagueTableViewController.swift in Sources */ = {isa = PBXBuildFile; fileRef = 7287BBBF27F4C28F005CD356 /* LeagueTableViewController.swift */; };
		7287BBC227F4C6DA005CD356 /* TeamTableViewController.swift in Sources */ = {isa = PBXBuildFile; fileRef = 7287BBC127F4C6DA005CD356 /* TeamTableViewController.swift */; };
		7287BBC427F529D6005CD356 /* TeamItemDetailViewController.swift in Sources */ = {isa = PBXBuildFile; fileRef = 7287BBC327F529D6005CD356 /* TeamItemDetailViewController.swift */; };
		7287BBCA27F52B62005CD356 /* TeamItem.swift in Sources */ = {isa = PBXBuildFile; fileRef = 7287BBC927F52B62005CD356 /* TeamItem.swift */; };
		7287BBCC27F530EF005CD356 /* ResponseModels.swift in Sources */ = {isa = PBXBuildFile; fileRef = 7287BBCB27F530EF005CD356 /* ResponseModels.swift */; };
		7287BBCE27F53488005CD356 /* TeamController.swift in Sources */ = {isa = PBXBuildFile; fileRef = 7287BBCD27F53488005CD356 /* TeamController.swift */; };
		7287BBD027F625D0005CD356 /* League.swift in Sources */ = {isa = PBXBuildFile; fileRef = 7287BBCF27F625D0005CD356 /* League.swift */; };
/* End PBXBuildFile section */

/* Begin PBXFileReference section */
		7287BBA827F4AA9D005CD356 /* TheSportsApp.app */ = {isa = PBXFileReference; explicitFileType = wrapper.application; includeInIndex = 0; path = TheSportsApp.app; sourceTree = BUILT_PRODUCTS_DIR; };
		7287BBAB27F4AA9D005CD356 /* AppDelegate.swift */ = {isa = PBXFileReference; lastKnownFileType = sourcecode.swift; path = AppDelegate.swift; sourceTree = "<group>"; };
		7287BBAD27F4AA9D005CD356 /* SceneDelegate.swift */ = {isa = PBXFileReference; lastKnownFileType = sourcecode.swift; path = SceneDelegate.swift; sourceTree = "<group>"; };
		7287BBB227F4AA9E005CD356 /* Base */ = {isa = PBXFileReference; lastKnownFileType = file.storyboard; name = Base; path = Base.lproj/Main.storyboard; sourceTree = "<group>"; };
		7287BBB427F4AAA1005CD356 /* Assets.xcassets */ = {isa = PBXFileReference; lastKnownFileType = folder.assetcatalog; path = Assets.xcassets; sourceTree = "<group>"; };
		7287BBB727F4AAA1005CD356 /* Base */ = {isa = PBXFileReference; lastKnownFileType = file.storyboard; name = Base; path = Base.lproj/LaunchScreen.storyboard; sourceTree = "<group>"; };
		7287BBB927F4AAA1005CD356 /* Info.plist */ = {isa = PBXFileReference; lastKnownFileType = text.plist.xml; path = Info.plist; sourceTree = "<group>"; };
		7287BBBF27F4C28F005CD356 /* LeagueTableViewController.swift */ = {isa = PBXFileReference; lastKnownFileType = sourcecode.swift; path = LeagueTableViewController.swift; sourceTree = "<group>"; };
		7287BBC127F4C6DA005CD356 /* TeamTableViewController.swift */ = {isa = PBXFileReference; lastKnownFileType = sourcecode.swift; path = TeamTableViewController.swift; sourceTree = "<group>"; };
		7287BBC327F529D6005CD356 /* TeamItemDetailViewController.swift */ = {isa = PBXFileReference; lastKnownFileType = sourcecode.swift; path = TeamItemDetailViewController.swift; sourceTree = "<group>"; };
		7287BBC927F52B62005CD356 /* TeamItem.swift */ = {isa = PBXFileReference; lastKnownFileType = sourcecode.swift; path = TeamItem.swift; sourceTree = "<group>"; };
		7287BBCB27F530EF005CD356 /* ResponseModels.swift */ = {isa = PBXFileReference; lastKnownFileType = sourcecode.swift; path = ResponseModels.swift; sourceTree = "<group>"; };
		7287BBCD27F53488005CD356 /* TeamController.swift */ = {isa = PBXFileReference; lastKnownFileType = sourcecode.swift; path = TeamController.swift; sourceTree = "<group>"; };
		7287BBCF27F625D0005CD356 /* League.swift */ = {isa = PBXFileReference; lastKnownFileType = sourcecode.swift; path = League.swift; sourceTree = "<group>"; };
/* End PBXFileReference section */

/* Begin PBXFrameworksBuildPhase section */
		7287BBA527F4AA9D005CD356 /* Frameworks */ = {
			isa = PBXFrameworksBuildPhase;
			buildActionMask = 2147483647;
			files = (
			);
			runOnlyForDeploymentPostprocessing = 0;
		};
/* End PBXFrameworksBuildPhase section */

/* Begin PBXGroup section */
		7287BB9F27F4AA9D005CD356 = {
			isa = PBXGroup;
			children = (
				7287BBAA27F4AA9D005CD356 /* TheSportsApp */,
				7287BBA927F4AA9D005CD356 /* Products */,
			);
			sourceTree = "<group>";
		};
		7287BBA927F4AA9D005CD356 /* Products */ = {
			isa = PBXGroup;
			children = (
				7287BBA827F4AA9D005CD356 /* TheSportsApp.app */,
			);
			name = Products;
			sourceTree = "<group>";
		};
		7287BBAA27F4AA9D005CD356 /* TheSportsApp */ = {
			isa = PBXGroup;
			children = (
				7287BBC827F52AB9005CD356 /* TheSportApp */,
				7287BBC727F52AA0005CD356 /* Model */,
				7287BBC627F52A8B005CD356 /* View */,
				7287BBC527F52A3B005CD356 /* Controller */,
				7287BBB427F4AAA1005CD356 /* Assets.xcassets */,
				7287BBB627F4AAA1005CD356 /* LaunchScreen.storyboard */,
				7287BBB927F4AAA1005CD356 /* Info.plist */,
			);
			path = TheSportsApp;
			sourceTree = "<group>";
		};
		7287BBC527F52A3B005CD356 /* Controller */ = {
			isa = PBXGroup;
			children = (
				7287BBC327F529D6005CD356 /* TeamItemDetailViewController.swift */,
				7287BBC127F4C6DA005CD356 /* TeamTableViewController.swift */,
				7287BBBF27F4C28F005CD356 /* LeagueTableViewController.swift */,
				7287BBCD27F53488005CD356 /* TeamController.swift */,
			);
			path = Controller;
			sourceTree = "<group>";
		};
		7287BBC627F52A8B005CD356 /* View */ = {
			isa = PBXGroup;
			children = (
				7287BBB127F4AA9E005CD356 /* Main.storyboard */,
			);
			path = View;
			sourceTree = "<group>";
		};
		7287BBC727F52AA0005CD356 /* Model */ = {
			isa = PBXGroup;
			children = (
				7287BBC927F52B62005CD356 /* TeamItem.swift */,
				7287BBCB27F530EF005CD356 /* ResponseModels.swift */,
				7287BBCF27F625D0005CD356 /* League.swift */,
			);
			path = Model;
			sourceTree = "<group>";
		};
		7287BBC827F52AB9005CD356 /* TheSportApp */ = {
			isa = PBXGroup;
			children = (
				7287BBAB27F4AA9D005CD356 /* AppDelegate.swift */,
				7287BBAD27F4AA9D005CD356 /* SceneDelegate.swift */,
			);
			path = TheSportApp;
			sourceTree = "<group>";
		};
/* End PBXGroup section */

/* Begin PBXNativeTarget section */
		7287BBA727F4AA9D005CD356 /* TheSportsApp */ = {
			isa = PBXNativeTarget;
			buildConfigurationList = 7287BBBC27F4AAA1005CD356 /* Build configuration list for PBXNativeTarget "TheSportsApp" */;
			buildPhases = (
				7287BBA427F4AA9D005CD356 /* Sources */,
				7287BBA527F4AA9D005CD356 /* Frameworks */,
				7287BBA627F4AA9D005CD356 /* Resources */,
			);
			buildRules = (
			);
			dependencies = (
			);
			name = TheSportsApp;
			productName = TheSportsApp;
			productReference = 7287BBA827F4AA9D005CD356 /* TheSportsApp.app */;
			productType = "com.apple.product-type.application";
		};
/* End PBXNativeTarget section */

/* Begin PBXProject section */
		7287BBA027F4AA9D005CD356 /* Project object */ = {
			isa = PBXProject;
			attributes = {
				BuildIndependentTargetsInParallel = 1;
				LastSwiftUpdateCheck = 1320;
				LastUpgradeCheck = 1320;
				TargetAttributes = {
					7287BBA727F4AA9D005CD356 = {
						CreatedOnToolsVersion = 13.2.1;
					};
				};
			};
			buildConfigurationList = 7287BBA327F4AA9D005CD356 /* Build configuration list for PBXProject "TheSportsApp" */;
			compatibilityVersion = "Xcode 13.0";
			developmentRegion = en;
			hasScannedForEncodings = 0;
			knownRegions = (
				en,
				Base,
			);
			mainGroup = 7287BB9F27F4AA9D005CD356;
			productRefGroup = 7287BBA927F4AA9D005CD356 /* Products */;
			projectDirPath = "";
			projectRoot = "";
			targets = (
				7287BBA727F4AA9D005CD356 /* TheSportsApp */,
			);
		};
/* End PBXProject section */

/* Begin PBXResourcesBuildPhase section */
		7287BBA627F4AA9D005CD356 /* Resources */ = {
			isa = PBXResourcesBuildPhase;
			buildActionMask = 2147483647;
			files = (
				7287BBB827F4AAA1005CD356 /* LaunchScreen.storyboard in Resources */,
				7287BBB527F4AAA1005CD356 /* Assets.xcassets in Resources */,
				7287BBB327F4AA9E005CD356 /* Main.storyboard in Resources */,
			);
			runOnlyForDeploymentPostprocessing = 0;
		};
/* End PBXResourcesBuildPhase section */

/* Begin PBXSourcesBuildPhase section */
		7287BBA427F4AA9D005CD356 /* Sources */ = {
			isa = PBXSourcesBuildPhase;
			buildActionMask = 2147483647;
			files = (
				7287BBC427F529D6005CD356 /* TeamItemDetailViewController.swift in Sources */,
				7287BBD027F625D0005CD356 /* League.swift in Sources */,
				7287BBAC27F4AA9D005CD356 /* AppDelegate.swift in Sources */,
				7287BBCE27F53488005CD356 /* TeamController.swift in Sources */,
				7287BBC027F4C28F005CD356 /* LeagueTableViewController.swift in Sources */,
				7287BBCA27F52B62005CD356 /* TeamItem.swift in Sources */,
				7287BBC227F4C6DA005CD356 /* TeamTableViewController.swift in Sources */,
				7287BBAE27F4AA9E005CD356 /* SceneDelegate.swift in Sources */,
				7287BBCC27F530EF005CD356 /* ResponseModels.swift in Sources */,
			);
			runOnlyForDeploymentPostprocessing = 0;
		};
/* End PBXSourcesBuildPhase section */

/* Begin PBXVariantGroup section */
		7287BBB127F4AA9E005CD356 /* Main.storyboard */ = {
			isa = PBXVariantGroup;
			children = (
				7287BBB227F4AA9E005CD356 /* Base */,
			);
			name = Main.storyboard;
			sourceTree = "<group>";
		};
		7287BBB627F4AAA1005CD356 /* LaunchScreen.storyboard */ = {
			isa = PBXVariantGroup;
			children = (
				7287BBB727F4AAA1005CD356 /* Base */,
			);
			name = LaunchScreen.storyboard;
			sourceTree = "<group>";
		};
/* End PBXVariantGroup section */

/* Begin XCBuildConfiguration section */
		7287BBBA27F4AAA1005CD356 /* Debug */ = {
			isa = XCBuildConfiguration;
			buildSettings = {
				ALWAYS_SEARCH_USER_PATHS = NO;
				CLANG_ANALYZER_NONNULL = YES;
				CLANG_ANALYZER_NUMBER_OBJECT_CONVERSION = YES_AGGRESSIVE;
				CLANG_CXX_LANGUAGE_STANDARD = "gnu++17";
				CLANG_CXX_LIBRARY = "libc++";
				CLANG_ENABLE_MODULES = YES;
				CLANG_ENABLE_OBJC_ARC = YES;
				CLANG_ENABLE_OBJC_WEAK = YES;
				CLANG_WARN_BLOCK_CAPTURE_AUTORELEASING = YES;
				CLANG_WARN_BOOL_CONVERSION = YES;
				CLANG_WARN_COMMA = YES;
				CLANG_WARN_CONSTANT_CONVERSION = YES;
				CLANG_WARN_DEPRECATED_OBJC_IMPLEMENTATIONS = YES;
				CLANG_WARN_DIRECT_OBJC_ISA_USAGE = YES_ERROR;
				CLANG_WARN_DOCUMENTATION_COMMENTS = YES;
				CLANG_WARN_EMPTY_BODY = YES;
				CLANG_WARN_ENUM_CONVERSION = YES;
				CLANG_WARN_INFINITE_RECURSION = YES;
				CLANG_WARN_INT_CONVERSION = YES;
				CLANG_WARN_NON_LITERAL_NULL_CONVERSION = YES;
				CLANG_WARN_OBJC_IMPLICIT_RETAIN_SELF = YES;
				CLANG_WARN_OBJC_LITERAL_CONVERSION = YES;
				CLANG_WARN_OBJC_ROOT_CLASS = YES_ERROR;
				CLANG_WARN_QUOTED_INCLUDE_IN_FRAMEWORK_HEADER = YES;
				CLANG_WARN_RANGE_LOOP_ANALYSIS = YES;
				CLANG_WARN_STRICT_PROTOTYPES = YES;
				CLANG_WARN_SUSPICIOUS_MOVE = YES;
				CLANG_WARN_UNGUARDED_AVAILABILITY = YES_AGGRESSIVE;
				CLANG_WARN_UNREACHABLE_CODE = YES;
				CLANG_WARN__DUPLICATE_METHOD_MATCH = YES;
				COPY_PHASE_STRIP = NO;
				DEBUG_INFORMATION_FORMAT = dwarf;
				ENABLE_STRICT_OBJC_MSGSEND = YES;
				ENABLE_TESTABILITY = YES;
				GCC_C_LANGUAGE_STANDARD = gnu11;
				GCC_DYNAMIC_NO_PIC = NO;
				GCC_NO_COMMON_BLOCKS = YES;
				GCC_OPTIMIZATION_LEVEL = 0;
				GCC_PREPROCESSOR_DEFINITIONS = (
					"DEBUG=1",
					"$(inherited)",
				);
				GCC_WARN_64_TO_32_BIT_CONVERSION = YES;
				GCC_WARN_ABOUT_RETURN_TYPE = YES_ERROR;
				GCC_WARN_UNDECLARED_SELECTOR = YES;
				GCC_WARN_UNINITIALIZED_AUTOS = YES_AGGRESSIVE;
				GCC_WARN_UNUSED_FUNCTION = YES;
				GCC_WARN_UNUSED_VARIABLE = YES;
				IPHONEOS_DEPLOYMENT_TARGET = 15.2;
				MTL_ENABLE_DEBUG_INFO = INCLUDE_SOURCE;
				MTL_FAST_MATH = YES;
				ONLY_ACTIVE_ARCH = YES;
				SDKROOT = iphoneos;
				SWIFT_ACTIVE_COMPILATION_CONDITIONS = DEBUG;
				SWIFT_OPTIMIZATION_LEVEL = "-Onone";
			};
			name = Debug;
		};
		7287BBBB27F4AAA1005CD356 /* Release */ = {
			isa = XCBuildConfiguration;
			buildSettings = {
				ALWAYS_SEARCH_USER_PATHS = NO;
				CLANG_ANALYZER_NONNULL = YES;
				CLANG_ANALYZER_NUMBER_OBJECT_CONVERSION = YES_AGGRESSIVE;
				CLANG_CXX_LANGUAGE_STANDARD = "gnu++17";
				CLANG_CXX_LIBRARY = "libc++";
				CLANG_ENABLE_MODULES = YES;
				CLANG_ENABLE_OBJC_ARC = YES;
				CLANG_ENABLE_OBJC_WEAK = YES;
				CLANG_WARN_BLOCK_CAPTURE_AUTORELEASING = YES;
				CLANG_WARN_BOOL_CONVERSION = YES;
				CLANG_WARN_COMMA = YES;
				CLANG_WARN_CONSTANT_CONVERSION = YES;
				CLANG_WARN_DEPRECATED_OBJC_IMPLEMENTATIONS = YES;
				CLANG_WARN_DIRECT_OBJC_ISA_USAGE = YES_ERROR;
				CLANG_WARN_DOCUMENTATION_COMMENTS = YES;
				CLANG_WARN_EMPTY_BODY = YES;
				CLANG_WARN_ENUM_CONVERSION = YES;
				CLANG_WARN_INFINITE_RECURSION = YES;
				CLANG_WARN_INT_CONVERSION = YES;
				CLANG_WARN_NON_LITERAL_NULL_CONVERSION = YES;
				CLANG_WARN_OBJC_IMPLICIT_RETAIN_SELF = YES;
				CLANG_WARN_OBJC_LITERAL_CONVERSION = YES;
				CLANG_WARN_OBJC_ROOT_CLASS = YES_ERROR;
				CLANG_WARN_QUOTED_INCLUDE_IN_FRAMEWORK_HEADER = YES;
				CLANG_WARN_RANGE_LOOP_ANALYSIS = YES;
				CLANG_WARN_STRICT_PROTOTYPES = YES;
				CLANG_WARN_SUSPICIOUS_MOVE = YES;
				CLANG_WARN_UNGUARDED_AVAILABILITY = YES_AGGRESSIVE;
				CLANG_WARN_UNREACHABLE_CODE = YES;
				CLANG_WARN__DUPLICATE_METHOD_MATCH = YES;
				COPY_PHASE_STRIP = NO;
				DEBUG_INFORMATION_FORMAT = "dwarf-with-dsym";
				ENABLE_NS_ASSERTIONS = NO;
				ENABLE_STRICT_OBJC_MSGSEND = YES;
				GCC_C_LANGUAGE_STANDARD = gnu11;
				GCC_NO_COMMON_BLOCKS = YES;
				GCC_WARN_64_TO_32_BIT_CONVERSION = YES;
				GCC_WARN_ABOUT_RETURN_TYPE = YES_ERROR;
				GCC_WARN_UNDECLARED_SELECTOR = YES;
				GCC_WARN_UNINITIALIZED_AUTOS = YES_AGGRESSIVE;
				GCC_WARN_UNUSED_FUNCTION = YES;
				GCC_WARN_UNUSED_VARIABLE = YES;
				IPHONEOS_DEPLOYMENT_TARGET = 15.2;
				MTL_ENABLE_DEBUG_INFO = NO;
				MTL_FAST_MATH = YES;
				SDKROOT = iphoneos;
				SWIFT_COMPILATION_MODE = wholemodule;
				SWIFT_OPTIMIZATION_LEVEL = "-O";
				VALIDATE_PRODUCT = YES;
			};
			name = Release;
		};
		7287BBBD27F4AAA1005CD356 /* Debug */ = {
			isa = XCBuildConfiguration;
			buildSettings = {
				ASSETCATALOG_COMPILER_APPICON_NAME = AppIcon;
				ASSETCATALOG_COMPILER_GLOBAL_ACCENT_COLOR_NAME = AccentColor;
				CODE_SIGN_STYLE = Automatic;
				CURRENT_PROJECT_VERSION = 1;
				DEVELOPMENT_TEAM = V5C4A94KDD;
				GENERATE_INFOPLIST_FILE = YES;
				INFOPLIST_FILE = TheSportsApp/Info.plist;
				INFOPLIST_KEY_UIApplicationSupportsIndirectInputEvents = YES;
				INFOPLIST_KEY_UILaunchStoryboardName = LaunchScreen;
				INFOPLIST_KEY_UIMainStoryboardFile = Main;
				INFOPLIST_KEY_UISupportedInterfaceOrientations_iPad = "UIInterfaceOrientationPortrait UIInterfaceOrientationPortraitUpsideDown UIInterfaceOrientationLandscapeLeft UIInterfaceOrientationLandscapeRight";
				INFOPLIST_KEY_UISupportedInterfaceOrientations_iPhone = "UIInterfaceOrientationPortrait UIInterfaceOrientationLandscapeLeft UIInterfaceOrientationLandscapeRight";
				LD_RUNPATH_SEARCH_PATHS = (
					"$(inherited)",
					"@executable_path/Frameworks",
				);
				MARKETING_VERSION = 1.0;
				PRODUCT_BUNDLE_IDENTIFIER = com.federico.torres.TheSportsApp;
				PRODUCT_NAME = "$(TARGET_NAME)";
				SWIFT_EMIT_LOC_STRINGS = YES;
				SWIFT_VERSION = 5.0;
				TARGETED_DEVICE_FAMILY = "1,2";
			};
			name = Debug;
		};
		7287BBBE27F4AAA1005CD356 /* Release */ = {
			isa = XCBuildConfiguration;
			buildSettings = {
				ASSETCATALOG_COMPILER_APPICON_NAME = AppIcon;
				ASSETCATALOG_COMPILER_GLOBAL_ACCENT_COLOR_NAME = AccentColor;
				CODE_SIGN_STYLE = Automatic;
				CURRENT_PROJECT_VERSION = 1;
				DEVELOPMENT_TEAM = V5C4A94KDD;
				GENERATE_INFOPLIST_FILE = YES;
				INFOPLIST_FILE = TheSportsApp/Info.plist;
				INFOPLIST_KEY_UIApplicationSupportsIndirectInputEvents = YES;
				INFOPLIST_KEY_UILaunchStoryboardName = LaunchScreen;
				INFOPLIST_KEY_UIMainStoryboardFile = Main;
				INFOPLIST_KEY_UISupportedInterfaceOrientations_iPad = "UIInterfaceOrientationPortrait UIInterfaceOrientationPortraitUpsideDown UIInterfaceOrientationLandscapeLeft UIInterfaceOrientationLandscapeRight";
				INFOPLIST_KEY_UISupportedInterfaceOrientations_iPhone = "UIInterfaceOrientationPortrait UIInterfaceOrientationLandscapeLeft UIInterfaceOrientationLandscapeRight";
				LD_RUNPATH_SEARCH_PATHS = (
					"$(inherited)",
					"@executable_path/Frameworks",
				);
				MARKETING_VERSION = 1.0;
				PRODUCT_BUNDLE_IDENTIFIER = com.federico.torres.TheSportsApp;
				PRODUCT_NAME = "$(TARGET_NAME)";
				SWIFT_EMIT_LOC_STRINGS = YES;
				SWIFT_VERSION = 5.0;
				TARGETED_DEVICE_FAMILY = "1,2";
			};
			name = Release;
		};
/* End XCBuildConfiguration section */

/* Begin XCConfigurationList section */
		7287BBA327F4AA9D005CD356 /* Build configuration list for PBXProject "TheSportsApp" */ = {
			isa = XCConfigurationList;
			buildConfigurations = (
				7287BBBA27F4AAA1005CD356 /* Debug */,
				7287BBBB27F4AAA1005CD356 /* Release */,
			);
			defaultConfigurationIsVisible = 0;
			defaultConfigurationName = Release;
		};
		7287BBBC27F4AAA1005CD356 /* Build configuration list for PBXNativeTarget "TheSportsApp" */ = {
			isa = XCConfigurationList;
			buildConfigurations = (
				7287BBBD27F4AAA1005CD356 /* Debug */,
				7287BBBE27F4AAA1005CD356 /* Release */,
			);
			defaultConfigurationIsVisible = 0;
			defaultConfigurationName = Release;
		};
/* End XCConfigurationList section */
	};
	rootObject = 7287BBA027F4AA9D005CD356 /* Project object */;
}
